<?xml version="1.0" encoding="utf-8"?>
<Project ToolsVersion="4.0" xmlns="http://schemas.microsoft.com/developer/msbuild/2003">
  <ItemGroup>
    <Filter Include="include">
      <UniqueIdentifier>{b59d994c-071a-4234-8744-359bb68e77c4}</UniqueIdentifier>
    </Filter>
    <Filter Include="src">
      <UniqueIdentifier>{9f1a32a8-834c-4dc4-9b09-df939ba6e885}</UniqueIdentifier>
    </Filter>
    <Filter Include="src\utils">
      <UniqueIdentifier>{f7d4747e-208b-4e48-b4f4-5e2e9f349d0a}</UniqueIdentifier>
    </Filter>
    <Filter Include="src\tests">
      <UniqueIdentifier>{07949503-7d1c-457b-9fa5-5823740fd028}</UniqueIdentifier>
    </Filter>
    <Filter Include="src\attacks">
      <UniqueIdentifier>{0e526500-93d2-4a33-9366-eb1dc04786dd}</UniqueIdentifier>
    </Filter>
  </ItemGroup>
  <ItemGroup>
    <ClInclude Include="fptr.h">
      <Filter>include</Filter>
    </ClInclude>
    <ClInclude Include="tests.h">
      <Filter>include</Filter>
    </ClInclude>
  </ItemGroup>
  <ItemGroup>
    <ClCompile Include="global.c">
      <Filter>src\utils</Filter>
    </ClCompile>
    <ClCompile Include="utils.h">
      <Filter>include</Filter>
    </ClCompile>
    <ClCompile Include="virtual_alloc.c">
      <Filter>src\attacks</Filter>
    </ClCompile>
    <ClCompile Include="remote_thread.c">
      <Filter>src\attacks</Filter>
    </ClCompile>
    <ClCompile Include="test_virtual_alloc.c">
      <Filter>src\tests</Filter>
    </ClCompile>
    <ClCompile Include="test_remote_thread.c">
      <Filter>src\tests</Filter>
    </ClCompile>
    <ClCompile Include="main.c">
      <Filter>src</Filter>
    </ClCompile>
  </ItemGroup>
</Project>